<?xml version="1.0" encoding="utf-8"?>
<Project ToolsVersion="4.0" xmlns="http://schemas.microsoft.com/developer/msbuild/2003">
  <ItemGroup>
    <Filter Include="ソース ファイル">
      <UniqueIdentifier>{4FC737F1-C7A5-4376-A066-2A32D752A2FF}</UniqueIdentifier>
      <Extensions>cpp;c;cc;cxx;c++;cppm;ixx;def;odl;idl;hpj;bat;asm;asmx</Extensions>
    </Filter>
    <Filter Include="ImGui">
      <UniqueIdentifier>{5de49fee-2e88-4d64-940e-b075029de2f8}</UniqueIdentifier>
    </Filter>
    <Filter Include="Utils">
      <UniqueIdentifier>{ecf5551a-9698-4ac9-a6cb-47f8fd54c7dc}</UniqueIdentifier>
    </Filter>
    <Filter Include="Utils\Memory">
      <UniqueIdentifier>{690255e2-f81a-4ff1-92f1-f4ba8b18f102}</UniqueIdentifier>
    </Filter>
    <Filter Include="Cheat">
      <UniqueIdentifier>{c4956643-f694-45d0-9759-a78ef3e34e77}</UniqueIdentifier>
    </Filter>
    <Filter Include="Overlay">
      <UniqueIdentifier>{1ffbf659-8fec-4117-9ad3-b1d198eaeb64}</UniqueIdentifier>
    </Filter>
    <Filter Include="Utils\Globals">
      <UniqueIdentifier>{a1503960-cf96-4f58-839d-307016dda21d}</UniqueIdentifier>
    </Filter>
    <Filter Include="Cheat\NotSDK">
      <UniqueIdentifier>{476f61ba-e6bd-422e-a91e-5abe15852251}</UniqueIdentifier>
    </Filter>
  </ItemGroup>
  <ItemGroup>
    <ClCompile Include="ImGui\imgui.cpp">
      <Filter>ImGui</Filter>
    </ClCompile>
    <ClCompile Include="ImGui\imgui_demo.cpp">
      <Filter>ImGui</Filter>
    </ClCompile>
    <ClCompile Include="ImGui\imgui_draw.cpp">
      <Filter>ImGui</Filter>
    </ClCompile>
    <ClCompile Include="ImGui\imgui_impl_dx11.cpp">
      <Filter>ImGui</Filter>
    </ClCompile>
    <ClCompile Include="ImGui\imgui_impl_win32.cpp">
      <Filter>ImGui</Filter>
    </ClCompile>
    <ClCompile Include="ImGui\imgui_tables.cpp">
      <Filter>ImGui</Filter>
    </ClCompile>
    <ClCompile Include="ImGui\imgui_widgets.cpp">
      <Filter>ImGui</Filter>
    </ClCompile>
    <ClCompile Include="Utils\Memory\Memory.cpp">
      <Filter>Utils\Memory</Filter>
    </ClCompile>
    <ClCompile Include="main.cpp">
      <Filter>ソース ファイル</Filter>
    </ClCompile>
    <ClCompile Include="Overlay\Overlay.cpp">
      <Filter>Overlay</Filter>
    </ClCompile>
    <ClCompile Include="Utils\Globals\Globals.cpp">
      <Filter>Utils\Globals</Filter>
    </ClCompile>
    <ClCompile Include="Cheat\NotSDK\NotSDK.cpp">
      <Filter>Cheat\NotSDK</Filter>
    </ClCompile>
    <ClCompile Include="Cheat\Render.cpp">
      <Filter>Cheat</Filter>
    </ClCompile>
    <ClCompile Include="Cheat\Cheat.cpp">
      <Filter>Cheat</Filter>
    </ClCompile>
  </ItemGroup>
  <ItemGroup>
    <ClInclude Include="ImGui\imconfig.h">
      <Filter>ImGui</Filter>
    </ClInclude>
    <ClInclude Include="ImGui\imgui.h">
      <Filter>ImGui</Filter>
    </ClInclude>
    <ClInclude Include="ImGui\imgui_impl_dx11.h">
      <Filter>ImGui</Filter>
    </ClInclude>
    <ClInclude Include="ImGui\imgui_impl_win32.h">
      <Filter>ImGui</Filter>
    </ClInclude>
    <ClInclude Include="ImGui\imgui_internal.h">
      <Filter>ImGui</Filter>
    </ClInclude>
    <ClInclude Include="ImGui\imstb_rectpack.h">
      <Filter>ImGui</Filter>
    </ClInclude>
    <ClInclude Include="ImGui\imstb_textedit.h">
      <Filter>ImGui</Filter>
    </ClInclude>
    <ClInclude Include="ImGui\imstb_truetype.h">
      <Filter>ImGui</Filter>
    </ClInclude>
    <ClInclude Include="Utils\Memory\Memory.h">
      <Filter>Utils\Memory</Filter>
    </ClInclude>
    <ClInclude Include="Overlay\Overlay.h">
      <Filter>Overlay</Filter>
    </ClInclude>
    <ClInclude Include="Utils\Globals\Globals.h">
      <Filter>Utils\Globals</Filter>
    </ClInclude>
    <ClInclude Include="Cheat\NotSDK\NotSDK.h">
      <Filter>Cheat\NotSDK</Filter>
    </ClInclude>
    <ClInclude Include="Cheat\Cheat.h">
      <Filter>Cheat</Filter>
    </ClInclude>
    <ClInclude Include="Cheat\NotSDK\Struct.h">
      <Filter>Cheat\NotSDK</Filter>
    </ClInclude>
  </ItemGroup>
  <ItemGroup>
    <None Include="packages.config" />
  </ItemGroup>
</Project>